
Microsoft Visual Studio Solution File, Format Version 12.00
# Visual Studio Version 17
VisualStudioVersion = 17.0.31903.59
MinimumVisualStudioVersion = 10.0.40219.1
Project("{FAE04EC0-301F-11D3-BF4B-00C04F79EFBC}") = "GestBanque", "GestBanque\GestBanque.csproj", "{6ECF4491-145B-4D32-B2C0-CD5D8C7057AF}"
EndProject
Project("{FAE04EC0-301F-11D3-BF4B-00C04F79EFBC}") = "Models", "Models\Models.csproj", "{A7428BD8-688C-4F7F-B779-9666DA3B1FF3}"
EndProject
Global
	GlobalSection(SolutionConfigurationPlatforms) = preSolution
		Debug|Any CPU = Debug|Any CPU
		Release|Any CPU = Release|Any CPU
	EndGlobalSection
	GlobalSection(SolutionProperties) = preSolution
		HideSolutionNode = FALSE
	EndGlobalSection
	GlobalSection(ProjectConfigurationPlatforms) = postSolution
		{6ECF4491-145B-4D32-B2C0-CD5D8C7057AF}.Debug|Any CPU.ActiveCfg = Debug|Any CPU
		{6ECF4491-145B-4D32-B2C0-CD5D8C7057AF}.Debug|Any CPU.Build.0 = Debug|Any CPU
		{6ECF4491-145B-4D32-B2C0-CD5D8C7057AF}.Release|Any CPU.ActiveCfg = Release|Any CPU
		{6ECF4491-145B-4D32-B2C0-CD5D8C7057AF}.Release|Any CPU.Build.0 = Release|Any CPU
		{A7428BD8-688C-4F7F-B779-9666DA3B1FF3}.Debug|Any CPU.ActiveCfg = Debug|Any CPU
		{A7428BD8-688C-4F7F-B779-9666DA3B1FF3}.Debug|Any CPU.Build.0 = Debug|Any CPU
		{A7428BD8-688C-4F7F-B779-9666DA3B1FF3}.Release|Any CPU.ActiveCfg = Release|Any CPU
		{A7428BD8-688C-4F7F-B779-9666DA3B1FF3}.Release|Any CPU.Build.0 = Release|Any CPU
	EndGlobalSection
EndGlobal
